
Microsoft Visual Studio Solution File, Format Version 12.00
# Visual Studio Version 17
VisualStudioVersion = 17.13.35919.96
MinimumVisualStudioVersion = 10.0.40219.1
Project("{FAE04EC0-301F-11D3-BF4B-00C04F79EFBC}") = "MSI System", "MSI System\MSI System.csproj", "{D16F23FC-B9BA-4320-A940-510EE6D8DC9D}"
EndProject
Global
	GlobalSection(SolutionConfigurationPlatforms) = preSolution
		Debug|Any CPU = Debug|Any CPU
		Release|Any CPU = Release|Any CPU
	EndGlobalSection
	GlobalSection(ProjectConfigurationPlatforms) = postSolution
		{D16F23FC-B9BA-4320-A940-510EE6D8DC9D}.Debug|Any CPU.ActiveCfg = Debug|Any CPU
		{D16F23FC-B9BA-4320-A940-510EE6D8DC9D}.Debug|Any CPU.Build.0 = Debug|Any CPU
		{D16F23FC-B9BA-4320-A940-510EE6D8DC9D}.Release|Any CPU.ActiveCfg = Release|Any CPU
		{D16F23FC-B9BA-4320-A940-510EE6D8DC9D}.Release|Any CPU.Build.0 = Release|Any CPU
	EndGlobalSection
	GlobalSection(SolutionProperties) = preSolution
		HideSolutionNode = FALSE
	EndGlobalSection
	GlobalSection(ExtensibilityGlobals) = postSolution
		SolutionGuid = {F451264D-F08E-4F55-985F-FC10F595077D}
	EndGlobalSection
EndGlobal
